
Microsoft Visual Studio Solution File, Format Version 12.00
# Visual Studio Version 17
VisualStudioVersion = 17.14.36327.8
MinimumVisualStudioVersion = 10.0.40219.1
Project("{2150E333-8FDC-42A3-9474-1A3956D46DE8}") = "App", "App", "{02EA681E-C7D8-13C7-8484-4AC65E1B71E8}"
EndProject
Project("{2150E333-8FDC-42A3-9474-1A3956D46DE8}") = "Test", "Test", "{EF66D849-696E-4EC4-8177-BA84477BE975}"
EndProject
Project("{FAE04EC0-301F-11D3-BF4B-00C04F79EFBC}") = "RWFTracker.Domain", "Source\App\RWFTracker.Domain\RWFTracker.Domain.csproj", "{0941EF2C-AB77-49F3-87E5-89FF9ED914A8}"
EndProject
Project("{FAE04EC0-301F-11D3-BF4B-00C04F79EFBC}") = "RWFTracker.Infastructure", "Source\App\RWFTracker.Infastructure\RWFTracker.Infastructure.csproj", "{D2CA93B3-C8AD-4121-8DEB-271E89446DD3}"
EndProject
Project("{FAE04EC0-301F-11D3-BF4B-00C04F79EFBC}") = "RWFTracker.Infrastructure.Tests", "Source\Test\RWFTracker.Infrastructure.Tests\RWFTracker.Infrastructure.Tests.csproj", "{4DC14AE5-03E4-43A7-9EA3-1CC69BF24736}"
EndProject
Project("{FAE04EC0-301F-11D3-BF4B-00C04F79EFBC}") = "RWFTracker.Application", "Source\App\RWFTracker.Application\RWFTracker.Application.csproj", "{3C5EB05B-1F93-4024-8D2A-533DCE73A80C}"
EndProject
Global
	GlobalSection(SolutionConfigurationPlatforms) = preSolution
		Debug|Any CPU = Debug|Any CPU
		Release|Any CPU = Release|Any CPU
	EndGlobalSection
	GlobalSection(ProjectConfigurationPlatforms) = postSolution
		{0941EF2C-AB77-49F3-87E5-89FF9ED914A8}.Debug|Any CPU.ActiveCfg = Debug|Any CPU
		{0941EF2C-AB77-49F3-87E5-89FF9ED914A8}.Debug|Any CPU.Build.0 = Debug|Any CPU
		{0941EF2C-AB77-49F3-87E5-89FF9ED914A8}.Release|Any CPU.ActiveCfg = Release|Any CPU
		{0941EF2C-AB77-49F3-87E5-89FF9ED914A8}.Release|Any CPU.Build.0 = Release|Any CPU
		{D2CA93B3-C8AD-4121-8DEB-271E89446DD3}.Debug|Any CPU.ActiveCfg = Debug|Any CPU
		{D2CA93B3-C8AD-4121-8DEB-271E89446DD3}.Debug|Any CPU.Build.0 = Debug|Any CPU
		{D2CA93B3-C8AD-4121-8DEB-271E89446DD3}.Release|Any CPU.ActiveCfg = Release|Any CPU
		{D2CA93B3-C8AD-4121-8DEB-271E89446DD3}.Release|Any CPU.Build.0 = Release|Any CPU
		{4DC14AE5-03E4-43A7-9EA3-1CC69BF24736}.Debug|Any CPU.ActiveCfg = Debug|Any CPU
		{4DC14AE5-03E4-43A7-9EA3-1CC69BF24736}.Debug|Any CPU.Build.0 = Debug|Any CPU
		{4DC14AE5-03E4-43A7-9EA3-1CC69BF24736}.Release|Any CPU.ActiveCfg = Release|Any CPU
		{4DC14AE5-03E4-43A7-9EA3-1CC69BF24736}.Release|Any CPU.Build.0 = Release|Any CPU
		{3C5EB05B-1F93-4024-8D2A-533DCE73A80C}.Debug|Any CPU.ActiveCfg = Debug|Any CPU
		{3C5EB05B-1F93-4024-8D2A-533DCE73A80C}.Debug|Any CPU.Build.0 = Debug|Any CPU
		{3C5EB05B-1F93-4024-8D2A-533DCE73A80C}.Release|Any CPU.ActiveCfg = Release|Any CPU
		{3C5EB05B-1F93-4024-8D2A-533DCE73A80C}.Release|Any CPU.Build.0 = Release|Any CPU
	EndGlobalSection
	GlobalSection(SolutionProperties) = preSolution
		HideSolutionNode = FALSE
	EndGlobalSection
	GlobalSection(NestedProjects) = preSolution
		{0941EF2C-AB77-49F3-87E5-89FF9ED914A8} = {02EA681E-C7D8-13C7-8484-4AC65E1B71E8}
		{D2CA93B3-C8AD-4121-8DEB-271E89446DD3} = {02EA681E-C7D8-13C7-8484-4AC65E1B71E8}
		{4DC14AE5-03E4-43A7-9EA3-1CC69BF24736} = {EF66D849-696E-4EC4-8177-BA84477BE975}
		{3C5EB05B-1F93-4024-8D2A-533DCE73A80C} = {02EA681E-C7D8-13C7-8484-4AC65E1B71E8}
	EndGlobalSection
	GlobalSection(ExtensibilityGlobals) = postSolution
		SolutionGuid = {F2276B55-77FC-40CF-9E2B-BFF84A85928B}
	EndGlobalSection
EndGlobal
